{
  "version": "5",
  "specifiers": {
    "npm:@akashnetwork/chain-sdk@alpha": "1.0.0-alpha.30",
    "npm:@cosmjs/proto-signing@0.36.2": "0.36.2",
    "npm:long@5.3.2": "5.3.2"
  },
  "npm": {
    "@akashnetwork/chain-sdk@1.0.0-alpha.30": {
      "integrity": "sha512-T+CU6qfKFzLmlD2C0nkm6J76okNp9o0TAm9h8kKOpRGjM24k8XinDPIIUvivGIbNEM+uDTTMhoM089MyG1W3CQ==",
      "dependencies": [
        "@bufbuild/protobuf",
        "@connectrpc/connect",
        "@connectrpc/connect-node",
        "@cosmjs/amino",
        "@cosmjs/math",
        "@cosmjs/proto-signing",
        "@cosmjs/stargate",
        "base64-js",
        "cockatiel",
        "js-yaml",
        "json-stable-stringify",
        "jsrsasign",
        "long"
      ]
    },
    "@bufbuild/protobuf@2.11.0": {
      "integrity": "sha512-sBXGT13cpmPR5BMgHE6UEEfEaShh5Ror6rfN3yEK5si7QVrtZg8LEPQb0VVhiLRUslD2yLnXtnRzG035J/mZXQ=="
    },
    "@connectrpc/connect-node@2.1.1_@bufbuild+protobuf@2.11.0_@connectrpc+connect@2.1.1__@bufbuild+protobuf@2.11.0": {
      "integrity": "sha512-s3TfsI1XF+n+1z6MBS9rTnFsxxR4Rw5wmdEnkQINli81ESGxcsfaEet8duzq8LVuuCupmhUsgpRo0Nv9pZkufg==",
      "dependencies": [
        "@bufbuild/protobuf",
        "@connectrpc/connect"
      ]
    },
    "@connectrpc/connect@2.1.1_@bufbuild+protobuf@2.11.0": {
      "integrity": "sha512-JzhkaTvM73m2K1URT6tv53k2RwngSmCXLZJgK580qNQOXRzZRR/BCMfZw3h+90JpnG6XksP5bYT+cz0rpUzUWQ==",
      "dependencies": [
        "@bufbuild/protobuf"
      ]
    },
    "@cosmjs/amino@0.36.2": {
      "integrity": "sha512-r4yV1bhl412gwHGlyaUaJHIJnmldtyGsAwyz3oHHVxduiECj06Rv6wqeyLZfQa9W6hU+MlZwy7LabSUkkyGwjA==",
      "dependencies": [
        "@cosmjs/crypto",
        "@cosmjs/encoding",
        "@cosmjs/math",
        "@cosmjs/utils"
      ]
    },
    "@cosmjs/crypto@0.36.2": {
      "integrity": "sha512-QL4NHtcqR6DEKIN200aLeR8gKO433K0f5avKV0TVFP/g12UtnEGSk79PJq5Gv1PLc9GtATHgLLQI/3D8TEe+ig==",
      "dependencies": [
        "@cosmjs/encoding",
        "@cosmjs/math",
        "@cosmjs/utils",
        "@noble/ciphers",
        "@noble/curves",
        "@noble/hashes",
        "hash-wasm"
      ]
    },
    "@cosmjs/encoding@0.36.2": {
      "integrity": "sha512-i3+P1EKYoLcONAsmpJPhDAc3Wh3ajZNRHt/hczi/JEQXmleTJLVzv2mXUyllM6Qa+B6ybbr3Z2lnEFa8L3yLqg==",
      "dependencies": [
        "base64-js",
        "bech32",
        "readonly-date"
      ]
    },
    "@cosmjs/json-rpc@0.36.2": {
      "integrity": "sha512-3IRamylHVCxBevXGlnIoWUdJCLsP5LwHbXYUsBnC9T8UttZ5oYRN5gDf6+2dQEPk+p9xOv2i8xrCwNWxo7675Q==",
      "dependencies": [
        "@cosmjs/stream",
        "xstream"
      ]
    },
    "@cosmjs/math@0.36.2": {
      "integrity": "sha512-uJZRzxqnBk3MgxFgeyUwLgUzWkAIcmznWSB/tgGCjGCnUNebzI+44dA3ncEDCMqQysi/MZ+cSwAcDU7IY2PFeA=="
    },
    "@cosmjs/proto-signing@0.36.2": {
      "integrity": "sha512-dyZsgZBQgGkaE4cazHVX8GDwrRJVKUVDnrODkyFXVNbxMnm4t6nxpK1qwgY9GHlWUhck3Dh9NT3BoMbXiMYTZQ==",
      "dependencies": [
        "@cosmjs/amino",
        "@cosmjs/crypto",
        "@cosmjs/encoding",
        "@cosmjs/math",
        "@cosmjs/utils",
        "cosmjs-types"
      ]
    },
    "@cosmjs/socket@0.36.2": {
      "integrity": "sha512-Pb7JcTFWnq6yfY0IEejHrpSxNDJYcqjjAa1D29a6b/obk4qa4o3oIV5bIx6zAbdRq8uLoBfvWs0bHTNnVuBWJg==",
      "dependencies": [
        "@cosmjs/stream",
        "isomorphic-ws",
        "ws",
        "xstream"
      ]
    },
    "@cosmjs/stargate@0.36.2": {
      "integrity": "sha512-vnNK4dXF+s2v1aKPfYxKVrvXPcnBQb8rPoBScnTpPWnRt3XXbLw7Oo6fTQQWwKYNKQzi6DOApeEB+bCYcaPAAw==",
      "dependencies": [
        "@cosmjs/amino",
        "@cosmjs/encoding",
        "@cosmjs/math",
        "@cosmjs/proto-signing",
        "@cosmjs/stream",
        "@cosmjs/tendermint-rpc",
        "@cosmjs/utils",
        "cosmjs-types"
      ]
    },
    "@cosmjs/stream@0.36.2": {
      "integrity": "sha512-FlZx2Buovem837LdTLPkPFcxzuQ7zierAqSXwMPr/MG3k+qMxHNfLFTTCXMNWQ4ZlbYedud8ZqCL3/HKdS5mig==",
      "dependencies": [
        "xstream"
      ]
    },
    "@cosmjs/tendermint-rpc@0.36.2": {
      "integrity": "sha512-76Z99C1NVf/Yv/1bWU0wul8MhRwVdqiZxqU5bcHqvJLoQ2nKUfGpSSYRdbMHfZ63J8ryRqQ95uPvPTfrBb+agw==",
      "dependencies": [
        "@cosmjs/crypto",
        "@cosmjs/encoding",
        "@cosmjs/json-rpc",
        "@cosmjs/math",
        "@cosmjs/socket",
        "@cosmjs/stream",
        "@cosmjs/utils",
        "readonly-date",
        "xstream"
      ]
    },
    "@cosmjs/utils@0.36.2": {
      "integrity": "sha512-OOr2HU/Ph+/GI1Fx2UCf3LOyX9YTCP51d2HitTOjjEJRYnkfKXP3lMBl1FZo5QaFWxnfuBc+Cj+cSoiQUJRyzQ=="
    },
    "@noble/ciphers@1.3.0": {
      "integrity": "sha512-2I0gnIVPtfnMw9ee9h1dJG7tp81+8Ob3OJb3Mv37rx5L40/b0i7djjCVvGOVqc9AEIQyvyu1i6ypKdFw8R8gQw=="
    },
    "@noble/curves@1.9.7": {
      "integrity": "sha512-gbKGcRUYIjA3/zCCNaWDciTMFI0dCkvou3TL8Zmy5Nc7sJ47a0jtOeZoTaMxkuqRo9cRhjOdZJXegxYE5FN/xw==",
      "dependencies": [
        "@noble/hashes"
      ]
    },
    "@noble/hashes@1.8.0": {
      "integrity": "sha512-jCs9ldd7NwzpgXDIf6P3+NrHh9/sD6CQdxHyjQI+h/6rDNo88ypBxxz45UDuZHz9r3tNz7N/VInSVoVdtXEI4A=="
    },
    "argparse@2.0.1": {
      "integrity": "sha512-8+9WqebbFzpX9OR+Wa6O29asIogeRMzcGtAINdpMHHyAg10f05aSFVBbcEqGf/PXw1EjAZ+q2/bEBg3DvurK3Q=="
    },
    "base64-js@1.5.1": {
      "integrity": "sha512-AKpaYlHn8t4SVbOHCy+b5+KKgvR4vrsD8vbvrbiQJps7fKDTkjkDry6ji0rUJjC0kzbNePLwzxq8iypo41qeWA=="
    },
    "bech32@1.1.4": {
      "integrity": "sha512-s0IrSOzLlbvX7yp4WBfPITzpAU8sqQcpsmwXDiKwrG4r491vwCO/XpejasRNl0piBMe/DvP4Tz0mIS/X1DPJBQ=="
    },
    "call-bind-apply-helpers@1.0.2": {
      "integrity": "sha512-Sp1ablJ0ivDkSzjcaJdxEunN5/XvksFJ2sMBFfq6x0ryhQV/2b/KwFe21cMpmHtPOSij8K99/wSfoEuTObmuMQ==",
      "dependencies": [
        "es-errors",
        "function-bind"
      ]
    },
    "call-bind@1.0.9": {
      "integrity": "sha512-a/hy+pNsFUTR+Iz8TCJvXudKVLAnz/DyeSUo10I5yvFDQJBFU2s9uqQpoSrJlroHUKoKqzg+epxyP9lqFdzfBQ==",
      "dependencies": [
        "call-bind-apply-helpers",
        "es-define-property",
        "get-intrinsic",
        "set-function-length"
      ]
    },
    "call-bound@1.0.4": {
      "integrity": "sha512-+ys997U96po4Kx/ABpBCqhA9EuxJaQWDQg7295H4hBphv3IZg0boBKuwYpt4YXp6MZ5AmZQnU/tyMTlRpaSejg==",
      "dependencies": [
        "call-bind-apply-helpers",
        "get-intrinsic"
      ]
    },
    "cockatiel@3.2.1": {
      "integrity": "sha512-gfrHV6ZPkquExvMh9IOkKsBzNDk6sDuZ6DdBGUBkvFnTCqCxzpuq48RySgP0AnaqQkw2zynOFj9yly6T1Q2G5Q=="
    },
    "cosmjs-types@0.10.1": {
      "integrity": "sha512-CENXb4O5GN+VyB68HYXFT2SOhv126Z59631rZC56m8uMWa6/cSlFeai8BwZGT1NMepw0Ecf+U8XSOnBzZUWh9Q=="
    },
    "define-data-property@1.1.4": {
      "integrity": "sha512-rBMvIzlpA8v6E+SJZoo++HAYqsLrkg7MSfIinMPFhmkorw7X+dOXVJQs+QT69zGkzMyfDnIMN2Wid1+NbL3T+A==",
      "dependencies": [
        "es-define-property",
        "es-errors",
        "gopd"
      ]
    },
    "define-properties@1.2.1": {
      "integrity": "sha512-8QmQKqEASLd5nx0U1B1okLElbUuuttJ/AnYmRXbbbGDWh6uS208EjD4Xqq/I9wK7u0v6O08XhTWnt5XtEbR6Dg==",
      "dependencies": [
        "define-data-property",
        "has-property-descriptors",
        "object-keys"
      ]
    },
    "dunder-proto@1.0.1": {
      "integrity": "sha512-KIN/nDJBQRcXw0MLVhZE9iQHmG68qAVIBg9CqmUYjmQIhgij9U5MFvrqkUL5FbtyyzZuOeOt0zdeRe4UY7ct+A==",
      "dependencies": [
        "call-bind-apply-helpers",
        "es-errors",
        "gopd"
      ]
    },
    "es-define-property@1.0.1": {
      "integrity": "sha512-e3nRfgfUZ4rNGL232gUgX06QNyyez04KdjFrF+LTRoOXmrOgFKDg4BCdsjW8EnT69eqdYGmRpJwiPVYNrCaW3g=="
    },
    "es-errors@1.3.0": {
      "integrity": "sha512-Zf5H2Kxt2xjTvbJvP2ZWLEICxA6j+hAmMzIlypy4xcBg1vKVnx89Wy0GbS+kf5cwCVFFzdCFh2XSCFNULS6csw=="
    },
    "es-object-atoms@1.1.1": {
      "integrity": "sha512-FGgH2h8zKNim9ljj7dankFPcICIK9Cp5bm+c2gQSYePhpaG5+esrLODihIorn+Pe6FGJzWhXQotPv73jTaldXA==",
      "dependencies": [
        "es-errors"
      ]
    },
    "function-bind@1.1.2": {
      "integrity": "sha512-7XHNxH7qX9xG5mIwxkhumTox/MIRNcOgDrxWsMt2pAr23WHp6MrRlN7FBSFpCpr+oVO0F744iUgR82nJMfG2SA=="
    },
    "get-intrinsic@1.3.0": {
      "integrity": "sha512-9fSjSaos/fRIVIp+xSJlE6lfwhES7LNtKaCBIamHsjr2na1BiABJPo0mOjjz8GJDURarmCPGqaiVg5mfjb98CQ==",
      "dependencies": [
        "call-bind-apply-helpers",
        "es-define-property",
        "es-errors",
        "es-object-atoms",
        "function-bind",
        "get-proto",
        "gopd",
        "has-symbols",
        "hasown",
        "math-intrinsics"
      ]
    },
    "get-proto@1.0.1": {
      "integrity": "sha512-sTSfBjoXBp89JvIKIefqw7U2CCebsc74kiY6awiGogKtoSGbgjYE/G/+l9sF3MWFPNc9IcoOC4ODfKHfxFmp0g==",
      "dependencies": [
        "dunder-proto",
        "es-object-atoms"
      ]
    },
    "globalthis@1.0.4": {
      "integrity": "sha512-DpLKbNU4WylpxJykQujfCcwYWiV/Jhm50Goo0wrVILAv5jOr9d+H+UR3PhSCD2rCCEIg0uc+G+muBTwD54JhDQ==",
      "dependencies": [
        "define-properties",
        "gopd"
      ]
    },
    "gopd@1.2.0": {
      "integrity": "sha512-ZUKRh6/kUFoAiTAtTYPZJ3hw9wNxx+BIBOijnlG9PnrJsCcSjs1wyyD6vJpaYtgnzDrKYRSqf3OO6Rfa93xsRg=="
    },
    "has-property-descriptors@1.0.2": {
      "integrity": "sha512-55JNKuIW+vq4Ke1BjOTjM2YctQIvCT7GFzHwmfZPGo5wnrgkid0YQtnAleFSqumZm4az3n2BS+erby5ipJdgrg==",
      "dependencies": [
        "es-define-property"
      ]
    },
    "has-symbols@1.1.0": {
      "integrity": "sha512-1cDNdwJ2Jaohmb3sg4OmKaMBwuC48sYni5HUw2DvsC8LjGTLK9h+eb1X6RyuOHe4hT0ULCW68iomhjUoKUqlPQ=="
    },
    "hash-wasm@4.12.0": {
      "integrity": "sha512-+/2B2rYLb48I/evdOIhP+K/DD2ca2fgBjp6O+GBEnCDk2e4rpeXIK8GvIyRPjTezgmWn9gmKwkQjjx6BtqDHVQ=="
    },
    "hasown@2.0.2": {
      "integrity": "sha512-0hJU9SCPvmMzIBdZFqNPXWa6dqh7WdH0cII9y+CyS8rG3nL48Bclra9HmKhVVUHyPWNH5Y7xDwAB7bfgSjkUMQ==",
      "dependencies": [
        "function-bind"
      ]
    },
    "isarray@2.0.5": {
      "integrity": "sha512-xHjhDr3cNBK0BzdUJSPXZntQUx/mwMS5Rw4A7lPJ90XGAO6ISP/ePDNuo0vhqOZU+UD5JoodwCAAoZQd3FeAKw=="
    },
    "isomorphic-ws@4.0.1_ws@7.5.10": {
      "integrity": "sha512-BhBvN2MBpWTaSHdWRb/bwdZJ1WaehQ2L1KngkCkfLUGF0mAWAT1sQUQacEmQ0jXkFw/czDXPNQSL5u2/Krsz1w==",
      "dependencies": [
        "ws"
      ]
    },
    "js-yaml@4.1.1": {
      "integrity": "sha512-qQKT4zQxXl8lLwBtHMWwaTcGfFOZviOJet3Oy/xmGk2gZH677CJM9EvtfdSkgWcATZhj/55JZ0rmy3myCT5lsA==",
      "dependencies": [
        "argparse"
      ],
      "bin": true
    },
    "json-stable-stringify@1.3.0": {
      "integrity": "sha512-qtYiSSFlwot9XHtF9bD9c7rwKjr+RecWT//ZnPvSmEjpV5mmPOCN4j8UjY5hbjNkOwZ/jQv3J6R1/pL7RwgMsg==",
      "dependencies": [
        "call-bind",
        "call-bound",
        "isarray",
        "jsonify",
        "object-keys"
      ]
    },
    "jsonify@0.0.1": {
      "integrity": "sha512-2/Ki0GcmuqSrgFyelQq9M05y7PS0mEwuIzrf3f1fPqkVDVRvZrPZtVSMHxdgo8Aq0sxAOb/cr2aqqA3LeWHVPg=="
    },
    "jsrsasign@11.1.2": {
      "integrity": "sha512-GJuqiU/Grs6BaBBXMAZM9kxhsBrksZE0pF3qIfpkopMd7OMJ9zZmE/+CpV//97srfEyyyq1Ec0ELQtSlW/gPTA=="
    },
    "long@5.3.2": {
      "integrity": "sha512-mNAgZ1GmyNhD7AuqnTG3/VQ26o760+ZYBPKjPvugO8+nLbYfX6TVpJPseBvopbdY+qpZ/lKUnmEc1LeZYS3QAA=="
    },
    "math-intrinsics@1.1.0": {
      "integrity": "sha512-/IXtbwEk5HTPyEwyKX6hGkYXxM9nbj64B+ilVJnC/R6B0pH5G4V3b0pVbL7DBj4tkhBAppbQUlf6F6Xl9LHu1g=="
    },
    "object-keys@1.1.1": {
      "integrity": "sha512-NuAESUOUMrlIXOfHKzD6bpPu3tYt3xvjNdRIQ+FeT0lNb4K8WR70CaDxhuNguS2XG+GjkyMwOzsN5ZktImfhLA=="
    },
    "readonly-date@1.0.0": {
      "integrity": "sha512-tMKIV7hlk0h4mO3JTmmVuIlJVXjKk3Sep9Bf5OH0O+758ruuVkUy2J9SttDLm91IEX/WHlXPSpxMGjPj4beMIQ=="
    },
    "set-function-length@1.2.2": {
      "integrity": "sha512-pgRc4hJ4/sNjWCSS9AmnS40x3bNMDTknHgL5UaMBTMyJnU90EgWh1Rz+MC9eFu4BuN/UwZjKQuY/1v3rM7HMfg==",
      "dependencies": [
        "define-data-property",
        "es-errors",
        "function-bind",
        "get-intrinsic",
        "gopd",
        "has-property-descriptors"
      ]
    },
    "symbol-observable@2.0.3": {
      "integrity": "sha512-sQV7phh2WCYAn81oAkakC5qjq2Ml0g8ozqz03wOGnx9dDlG1de6yrF+0RAzSJD8fPUow3PTSMf2SAbOGxb93BA=="
    },
    "ws@7.5.10": {
      "integrity": "sha512-+dbF1tHwZpXcbOJdVOkzLDxZP1ailvSxM6ZweXTegylPny803bFhA+vqBYw4s31NSAk4S2Qz+AKXK9a4wkdjcQ=="
    },
    "xstream@11.14.0": {
      "integrity": "sha512-1bLb+kKKtKPbgTK6i/BaoAn03g47PpFstlbe1BA+y3pNS/LfvcaghS5BFf9+EE1J+KwSQsEpfJvFN5GqFtiNmw==",
      "dependencies": [
        "globalthis",
        "symbol-observable"
      ]
    }
  },
  "workspace": {
    "dependencies": [
      "npm:@akashnetwork/chain-sdk@alpha",
      "npm:@cosmjs/proto-signing@0.36.2",
      "npm:long@5.3.2"
    ]
  }
}
